
Microsoft Visual Studio Solution File, Format Version 12.00
# Visual Studio Version 16
VisualStudioVersion = 16.0.29728.190
MinimumVisualStudioVersion = 10.0.40219.1
Project("{FAE04EC0-301F-11D3-BF4B-00C04F79EFBC}") = "UriWebApi", "UriWebApi.csproj", "{498B4DAB-F45B-44C7-A26E-08EE769BBE0A}"
EndProject
Global
	GlobalSection(SolutionConfigurationPlatforms) = preSolution
		Debug|Any CPU = Debug|Any CPU
		Release|Any CPU = Release|Any CPU
	EndGlobalSection
	GlobalSection(ProjectConfigurationPlatforms) = postSolution
		{498B4DAB-F45B-44C7-A26E-08EE769BBE0A}.Debug|Any CPU.ActiveCfg = Debug|Any CPU
		{498B4DAB-F45B-44C7-A26E-08EE769BBE0A}.Debug|Any CPU.Build.0 = Debug|Any CPU
		{498B4DAB-F45B-44C7-A26E-08EE769BBE0A}.Release|Any CPU.ActiveCfg = Release|Any CPU
		{498B4DAB-F45B-44C7-A26E-08EE769BBE0A}.Release|Any CPU.Build.0 = Release|Any CPU
	EndGlobalSection
	GlobalSection(SolutionProperties) = preSolution
		HideSolutionNode = FALSE
	EndGlobalSection
	GlobalSection(ExtensibilityGlobals) = postSolution
		SolutionGuid = {7CD3E4E9-6FCF-4880-9A7A-696F5F748353}
	EndGlobalSection
EndGlobal
